
Microsoft Visual Studio Solution File, Format Version 12.00
# Visual Studio Version 17
VisualStudioVersion = 17.3.32922.545
MinimumVisualStudioVersion = 10.0.40219.1
Project("{9A19103F-16F7-4668-BE54-9A1E7A4F7556}") = "LocalFileListApp", "LocalFileListApp\LocalFileListApp.csproj", "{F118E057-BC06-4E5B-9D4B-462F9990EE07}"
EndProject
Project("{FAE04EC0-301F-11D3-BF4B-00C04F79EFBC}") = "LocalFileListAppUnitTests", "LocalFileListAppUnitTests\LocalFileListAppUnitTests.csproj", "{5C54006B-AABD-494F-942C-4CBA58D07531}"
EndProject
Global
	GlobalSection(SolutionConfigurationPlatforms) = preSolution
		Debug|Any CPU = Debug|Any CPU
		Release|Any CPU = Release|Any CPU
	EndGlobalSection
	GlobalSection(ProjectConfigurationPlatforms) = postSolution
		{F118E057-BC06-4E5B-9D4B-462F9990EE07}.Debug|Any CPU.ActiveCfg = Debug|Any CPU
		{F118E057-BC06-4E5B-9D4B-462F9990EE07}.Debug|Any CPU.Build.0 = Debug|Any CPU
		{F118E057-BC06-4E5B-9D4B-462F9990EE07}.Release|Any CPU.ActiveCfg = Release|Any CPU
		{F118E057-BC06-4E5B-9D4B-462F9990EE07}.Release|Any CPU.Build.0 = Release|Any CPU
		{5C54006B-AABD-494F-942C-4CBA58D07531}.Debug|Any CPU.ActiveCfg = Debug|Any CPU
		{5C54006B-AABD-494F-942C-4CBA58D07531}.Debug|Any CPU.Build.0 = Debug|Any CPU
		{5C54006B-AABD-494F-942C-4CBA58D07531}.Release|Any CPU.ActiveCfg = Release|Any CPU
		{5C54006B-AABD-494F-942C-4CBA58D07531}.Release|Any CPU.Build.0 = Release|Any CPU
	EndGlobalSection
	GlobalSection(SolutionProperties) = preSolution
		HideSolutionNode = FALSE
	EndGlobalSection
	GlobalSection(ExtensibilityGlobals) = postSolution
		SolutionGuid = {91F80FB5-22DD-412A-9D27-ADCDD15D4055}
	EndGlobalSection
EndGlobal
